{
    "_meta": {
        "hash": {
            "sha256": "230cb75b1ed42ae3f822d6cf830cbcbd9209e81f5e174acb49bdf301b5768a2d"
        },
        "pipfile-spec": 6,
        "requires": {},
        "sources": [
            {
                "name": "pypi",
                "url": "https://pypi.python.org/simple",
                "verify_ssl": true
            }
        ]
    },
    "default": {
        "certifi": {
            "hashes": [
                "sha256:47f9c83ef4c0c621eaef743f133f09fa8a74a9b75f037e8624f83bd1b6626cb7",
                "sha256:993f830721089fef441cdfeb4b2c8c9df86f0c63239f06bd025a76a7daddb033"
            ],
            "version": "==2018.11.29"
        },
        "chardet": {
            "hashes": [
                "sha256:84ab92ed1c4d4f16916e05906b6b75a6c0fb5db821cc65e70cbd64a3e2a5eaae",
                "sha256:fc323ffcaeaed0e0a02bf4d117757b98aed530d9ed4531e3e15460124c106691"
            ],
            "version": "==3.0.4"
        },
        "django": {
            "hashes": [
                "sha256:0a73696e0ac71ee6177103df984f9c1e07cd297f080f8ec4dc7c6f3fb74395b5",
                "sha256:43a99da08fee329480d27860d68279945b7d8bf7b537388ee2c8938c709b2041"
            ],
            "index": "pypi",
            "version": "==1.11.20"
        },
        "django-appconf": {
            "hashes": [
                "sha256:6a4d9aea683b4c224d97ab8ee11ad2d29a37072c0c6c509896dd9857466fb261",
                "sha256:ddab987d14b26731352c01ee69c090a4ebfc9141ed223bef039d79587f22acd9"
            ],
            "index": "pypi",
            "version": "==1.0.2"
        },
        "django-bootstrap-form": {
            "hashes": [
                "sha256:de3f7893e515352834d446c441c0cb861637f92cebbe59d8229469c6cd3dc640"
            ],
            "index": "pypi",
            "version": "==3.4"
        },
        "django-columns": {
            "hashes": [
                "sha256:cd5ffb9b1e31908dba058344fc0e7def2367f13b6fa4c9a6b801e29fc864fdf9"
            ],
            "index": "pypi",
            "version": "==0.1.0"
        },
        "django-compressor": {
            "hashes": [
                "sha256:7732676cfb9d58498dfb522b036f75f3f253f72ea1345ac036434fdc418c2e57",
                "sha256:9616570e5b08e92fa9eadc7a1b1b49639cce07ef392fc27c74230ab08075b30f"
            ],
            "index": "pypi",
            "version": "==2.2"
        },
        "django-crispy-forms": {
            "hashes": [
                "sha256:5952bab971110d0b86c278132dae0aa095beee8f723e625c3d3fa28888f1675f",
                "sha256:705ededc554ad8736157c666681165fe22ead2dec0d5446d65fc9dd976a5a876"
            ],
            "index": "pypi",
            "version": "==1.7.2"
        },
        "django-generic-flatblocks": {
            "hashes": [
                "sha256:93e85536942040fd650a085cb80b3c336abb7dc0c81ca51d7024a0eeaf788a0b",
                "sha256:c715656c2fc43cc6008fabcfbaa4912eca7d02eaedb5ffc4001a808c96875418"
            ],
            "index": "pypi",
            "version": "==1.2.1"
        },
        "django-jsonfield": {
            "hashes": [
                "sha256:6c0afd5554739365b55d86e285cf966cc3a45682fff963463364ea1f6511ca3e"
            ],
            "index": "pypi",
            "version": "==1.0.1"
        },
        "django-markitup": {
            "hashes": [
                "sha256:7b9485ed1bb610da071e878eab3572612f585e88269af1504c4dc5100400b8d4",
                "sha256:fa7c2cff142a0f388c4486887450e9a320d6203cba0618d750ebc0736b2db690"
            ],
            "index": "pypi",
            "version": "==3.0.0"
        },
        "django-markup": {
            "hashes": [
                "sha256:3c8d5ba7edbaa214e9985ccee2bb593fa9cb4f749a476220b8c404c4ec935be5",
                "sha256:825e6a64c2fd016485bc8fe8c288cd4e08022af8e01b3cd0f8871d89daf9a465"
            ],
            "index": "pypi",
            "version": "==1.3"
        },
        "django-model-utils": {
            "hashes": [
                "sha256:2c057f3bf0859aba27f04389f0cedd2d48f8c9b3848acb86fd9970794e58f477",
                "sha256:8cd377744aa45f9f131d652ec460c57d1aaa88d3e9b586c8e27eb709341b9084"
            ],
            "index": "pypi",
            "version": "==3.1.2"
        },
        "django-ordered-model": {
            "hashes": [
                "sha256:9a975f479883cac6702368a7b14d37af04ea686ce8c65bac22330b430b7d7437"
            ],
            "index": "pypi",
            "version": "==1.4.1"
        },
        "django-reversion": {
            "hashes": [
                "sha256:830cd9127ff3cda98254526e1b30519da98ce4094bdf25e7c5aabb9207405a76",
                "sha256:fd910774f2dabb65ac9d4fec2b032f1c0560f870c4923ce0b1e2f4d4430fc04a"
            ],
            "index": "pypi",
            "version": "==3.0.3"
        },
        "django-sass-processor": {
            "hashes": [
                "sha256:0381585a23c0f31a387cb53cf38f744e4d97d8ac3b9b19ec423dd6bfa714ecff"
            ],
            "index": "pypi",
            "version": "==0.7.2"
        },
        "django-sitetree": {
            "hashes": [
                "sha256:0c565a37c3e0c8e907fda0ec776bfbebae480d2ea5059cde2f4da4666aa23651",
                "sha256:4db7f7fabc9d8a02ad2853838cb537fc6e1d05326deeb04fd8e394050686e1cc"
            ],
            "index": "pypi",
            "version": "==1.12.0"
        },
        "django-taggit": {
            "hashes": [
                "sha256:a21cbe7e0879f1364eef1c88a2eda89d593bf000ebf51c3f00423c6927075dce",
                "sha256:db4430ec99265341e05d0274edb0279163bd74357241f7b4d9274bdcb3338b17"
            ],
            "index": "pypi",
            "version": "==0.23.0"
        },
        "django-timezone-field": {
            "hashes": [
                "sha256:7d7a37cfeacec5b1e81cd2f0aa334d46ebaa369cd516028579ed343cbc676c38",
                "sha256:d9fdab77c443b78c362ffaeb50fe7d7b54692c89aaae8ca1cae67848139b82ac"
            ],
            "index": "pypi",
            "version": "==3.0"
        },
        "django-timezones": {
            "hashes": [
                "sha256:5dd07ab1bec0eb8859f3d30ec1b293f7181dc01e60410f5740b9bb9d360473ec"
            ],
            "index": "pypi",
            "version": "==0.2"
        },
        "django-user-accounts": {
            "hashes": [
                "sha256:4712b2730fa7ee85152fedba590a9857b321fd1ce8ec2ce1c9d19934a0ae634f",
                "sha256:8890fb32538a7c34861723d4da8bc1af4b4252141746219ea4c30fdbf848728f"
            ],
            "index": "pypi",
            "version": "==2.1.0"
        },
        "easy-thumbnails": {
            "hashes": [
                "sha256:23fbe3415c93b2369ece8ebdfb5faa05540943bef8b941b3118ce769ba95e275"
            ],
            "index": "pypi",
            "version": "==2.6"
        },
        "eventlog": {
            "hashes": [
                "sha256:8935e34589a6549b2dce6eeffae40d22739eb55b6a994a30f66a428d6f98b813"
            ],
            "index": "pypi",
            "version": "==0.8.0"
        },
        "html5lib": {
            "hashes": [
                "sha256:20b159aa3badc9d5ee8f5c647e5efd02ed2a66ab8d354930bd9ff139fc1dc0a3",
                "sha256:66cb0dcfdbbc4f9c3ba1a63fdb511ffdbd4f513b2b6d81b80cd26ce6b3fb3736"
            ],
            "index": "pypi",
            "version": "==1.0.1"
        },
        "idna": {
            "hashes": [
                "sha256:c357b3f628cf53ae2c4c05627ecc484553142ca23264e593d327bcde5e9c3407",
                "sha256:ea8b7f6188e6fa117537c3df7da9fc686d485087abf6ac197f9c46432f7e4a3c"
            ],
            "version": "==2.8"
        },
        "libsass": {
            "hashes": [
                "sha256:0da943e00e028211cb4bb91496a20becab9fe82407bb75266ec4212af04acb45",
                "sha256:107591ba2c0d173bb1705bef0e9fd04a5b6f482f3584f4ea51b28ab8b137fbb2",
                "sha256:1aeadc155594af23879e27792667dc06e7f248c2c599c40ff2a7335193abdf05",
                "sha256:411833c623288138744865d882f5226f6db52afce1e19f42722c416df9d308dc",
                "sha256:4bf7a80a956da9de9715436b85343a179da4ff399a6e9a1694e70bff93d43099",
                "sha256:53be1c6cea9458fc0b59fafff5307d63cbde4d6f8a4413fb52ae467566273357",
                "sha256:55b77204cfa363142ab02c49ee871321a396b8e51f6361ebc226c3953c780541",
                "sha256:66e3062ff508c81928e35c66702f0cc4f70fb12eb76ba23eeb0ff87a6340cc13",
                "sha256:747e1cb3624b25ce9104315cf98b080246c5112d008cba6536a7dd2edb16fcc2",
                "sha256:75605a97f4b2f47fafc5a372f09efec210c7f33908c6de726362f85489fd53aa",
                "sha256:7c7a531b8cd786c35170e97338be2e73a74806f95539366a8ee837df94b8a8cf",
                "sha256:953ebe810f09d81b84ccafdca0fb6171d1b58c8f0147cb650184a41e124e296f",
                "sha256:a19041e78d5bb7c5d72e010e893c29119693628b6ee06025503ab2584cf24edd",
                "sha256:b3e4abf50ad3a6bec25acd0c67495301cab6137aa79b8640364276f7f3712586",
                "sha256:bf6b7ad08f287695338f050c80f79d258a405e5c349cdaeb9be5d5376c09e37a",
                "sha256:fcbc861a001ffd68c4df00164b41c6152d5451185d06c654ac240d811be9f7e2"
            ],
            "index": "pypi",
            "version": "==0.17.0"
        },
        "markdown": {
            "hashes": [
                "sha256:c00429bd503a47ec88d5e30a751e147dcb4c6889663cd3e2ba0afe858e009baa",
                "sha256:d02e0f9b04c500cde6637c11ad7c72671f359b87b9fe924b2383649d8841db7c"
            ],
            "index": "pypi",
            "version": "==3.0.1"
        },
        "metron": {
            "hashes": [
                "sha256:dd3da8b46db694c93d0c9e01fd5660952b5d8ad5a7058950e4c6ae75ea817fdb"
            ],
            "index": "pypi",
            "version": "==1.3.7"
        },
        "model-mommy": {
            "hashes": [
                "sha256:0e42c8f4a37c874dd81675ef8a385d3a25877082565e0d213022898c637f6f25",
                "sha256:8313c253617255060de474cdfcc0f7517e42deafc5619fec832a6c04b292b5d7"
            ],
            "index": "pypi",
            "version": "==1.6.0"
        },
        "pillow": {
            "hashes": [
                "sha256:051de330a06c99d6f84bcf582960487835bcae3fc99365185dc2d4f65a390c0e",
                "sha256:0ae5289948c5e0a16574750021bd8be921c27d4e3527800dc9c2c1d2abc81bf7",
                "sha256:0b1efce03619cdbf8bcc61cfae81fcda59249a469f31c6735ea59badd4a6f58a",
                "sha256:163136e09bd1d6c6c6026b0a662976e86c58b932b964f255ff384ecc8c3cefa3",
                "sha256:18e912a6ccddf28defa196bd2021fe33600cbe5da1aa2f2e2c6df15f720b73d1",
                "sha256:24ec3dea52339a610d34401d2d53d0fb3c7fd08e34b20c95d2ad3973193591f1",
                "sha256:267f8e4c0a1d7e36e97c6a604f5b03ef58e2b81c1becb4fccecddcb37e063cc7",
                "sha256:3273a28734175feebbe4d0a4cde04d4ed20f620b9b506d26f44379d3c72304e1",
                "sha256:4c678e23006798fc8b6f4cef2eaad267d53ff4c1779bd1af8725cc11b72a63f3",
                "sha256:4d4bc2e6bb6861103ea4655d6b6f67af8e5336e7216e20fff3e18ffa95d7a055",
                "sha256:505738076350a337c1740a31646e1de09a164c62c07db3b996abdc0f9d2e50cf",
                "sha256:5233664eadfa342c639b9b9977190d64ad7aca4edc51a966394d7e08e7f38a9f",
                "sha256:5d95cb9f6cced2628f3e4de7e795e98b2659dfcc7176ab4a01a8b48c2c2f488f",
                "sha256:7eda4c737637af74bac4b23aa82ea6fbb19002552be85f0b89bc27e3a762d239",
                "sha256:801ddaa69659b36abf4694fed5aa9f61d1ecf2daaa6c92541bbbbb775d97b9fe",
                "sha256:825aa6d222ce2c2b90d34a0ea31914e141a85edefc07e17342f1d2fdf121c07c",
                "sha256:9c215442ff8249d41ff58700e91ef61d74f47dfd431a50253e1a1ca9436b0697",
                "sha256:a3d90022f2202bbb14da991f26ca7a30b7e4c62bf0f8bf9825603b22d7e87494",
                "sha256:a631fd36a9823638fe700d9225f9698fb59d049c942d322d4c09544dc2115356",
                "sha256:a6523a23a205be0fe664b6b8747a5c86d55da960d9586db039eec9f5c269c0e6",
                "sha256:a756ecf9f4b9b3ed49a680a649af45a8767ad038de39e6c030919c2f443eb000",
                "sha256:b117287a5bdc81f1bac891187275ec7e829e961b8032c9e5ff38b70fd036c78f",
                "sha256:ba04f57d1715ca5ff74bb7f8a818bf929a204b3b3c2c2826d1e1cc3b1c13398c",
                "sha256:cd878195166723f30865e05d87cbaf9421614501a4bd48792c5ed28f90fd36ca",
                "sha256:cee815cc62d136e96cf76771b9d3eb58e0777ec18ea50de5cfcede8a7c429aa8",
                "sha256:d1722b7aa4b40cf93ac3c80d3edd48bf93b9208241d166a14ad8e7a20ee1d4f3",
                "sha256:d7c1c06246b05529f9984435fc4fa5a545ea26606e7f450bdbe00c153f5aeaad",
                "sha256:e9c8066249c040efdda84793a2a669076f92a301ceabe69202446abb4c5c5ef9",
                "sha256:f227d7e574d050ff3996049e086e1f18c7bd2d067ef24131e50a1d3fe5831fbc",
                "sha256:fc9a12aad714af36cf3ad0275a96a733526571e52710319855628f476dcb144e"
            ],
            "index": "pypi",
            "version": "==5.4.1"
        },
        "pinax-boxes": {
            "hashes": [
                "sha256:ec03a156f0672273dc335b79e5f3fbaaf2897bd3971a3456d69c7475464c91f4"
            ],
            "index": "pypi",
            "version": "==3.0.1"
        },
        "pinax-theme-bootstrap": {
            "hashes": [
                "sha256:1f9d28682e748402365def911052e718eca9bb5c9b71bf54e7dff53e03191a1e"
            ],
            "index": "pypi",
            "version": "==8.0.1"
        },
        "pytz": {
            "hashes": [
                "sha256:32b0891edff07e28efe91284ed9c31e123d84bea3fd98e1f72be2508f43ef8d9",
                "sha256:d5f05e487007e29e03409f9398d074e158d920d36eb82eaf66fb1136b0c5374c"
            ],
            "index": "pypi",
            "version": "==2018.9"
        },
        "rcssmin": {
            "hashes": [
                "sha256:ca87b695d3d7864157773a61263e5abb96006e9ff0e021eff90cbe0e1ba18270"
            ],
            "version": "==1.0.6"
        },
        "requests": {
            "hashes": [
                "sha256:502a824f31acdacb3a35b6690b5fbf0bc41d63a24a45c4004352b0242707598e",
                "sha256:7bf2a778576d825600030a110f3c0e3e8edc51dfaafe1c146e39a2027784957b"
            ],
            "version": "==2.21.0"
        },
        "rjsmin": {
            "hashes": [
                "sha256:dd9591aa73500b08b7db24367f8d32c6470021f39d5ab4e50c7c02e4401386f1"
            ],
            "version": "==1.0.12"
        },
        "rollbar": {
            "hashes": [
                "sha256:07ede5c3f34a37a988159522d4066f8d7bbe853516fdbae39c8bd66f7a386520"
            ],
            "index": "pypi",
            "version": "==0.14.6"
        },
        "six": {
            "hashes": [
                "sha256:3350809f0555b11f552448330d0b52d5f24c91a322ea4a15ef22629740f3761c",
                "sha256:d16a0141ec1a18405cd4ce8b4613101da75da0e9a7aec5bdd4fa804d0e0eba73"
            ],
            "version": "==1.12.0"
        },
        "urllib3": {
            "hashes": [
                "sha256:61bf29cada3fc2fbefad4fdf059ea4bd1b4a86d2b6d15e1c7c0b582b9752fe39",
                "sha256:de9529817c93f27c8ccbfead6985011db27bd0ddfcdb2d86f3f663385c6a9c22"
            ],
            "version": "==1.24.1"
        },
        "webencodings": {
            "hashes": [
                "sha256:a0af1213f3c2226497a97e2b3aa01a7e4bee4f403f95be16fc9acd2947514a78",
                "sha256:b36a1c245f2d304965eb4e0a82848379241dc04b865afcc4aab16748587e1923"
            ],
            "version": "==0.5.1"
        }
    },
    "develop": {
        "django": {
            "hashes": [
                "sha256:0a73696e0ac71ee6177103df984f9c1e07cd297f080f8ec4dc7c6f3fb74395b5",
                "sha256:43a99da08fee329480d27860d68279945b7d8bf7b537388ee2c8938c709b2041"
            ],
            "index": "pypi",
            "version": "==1.11.20"
        },
        "django-debug-toolbar": {
            "hashes": [
                "sha256:89d75b60c65db363fb24688d977e5fbf0e73386c67acf562d278402a10fc3736",
                "sha256:c2b0134119a624f4ac9398b44f8e28a01c7686ac350a12a74793f3dd57a9eea0"
            ],
            "index": "pypi",
            "version": "==1.11"
        },
        "mysqlclient": {
            "hashes": [
                "sha256:26e19db4929313104e287916afa4cdd03974c51838414d508023bb324468daf0",
                "sha256:34003bb52c82e415ba10da1ce2925745ad2220335e1e14921bb56f68dd5e37f6",
                "sha256:452aaf9d2ba1a4fb85c134c88f9b1857852deed63b3b13255d7a65d2c1297262",
                "sha256:9cafa74a58b7f280cd2392f1b656aa3660ca6ddfd641f0779cd0a76831bb81b0",
                "sha256:b435116061913b75a27519bee3f71d82a11b409f878f8797061ecf24117854c6"
            ],
            "index": "pypi",
            "version": "==1.3.10"
        },
        "pytz": {
            "hashes": [
                "sha256:32b0891edff07e28efe91284ed9c31e123d84bea3fd98e1f72be2508f43ef8d9",
                "sha256:d5f05e487007e29e03409f9398d074e158d920d36eb82eaf66fb1136b0c5374c"
            ],
            "index": "pypi",
            "version": "==2018.9"
        },
        "sqlparse": {
            "hashes": [
                "sha256:ce028444cfab83be538752a2ffdb56bc417b7784ff35bb9a3062413717807dec",
                "sha256:d9cf190f51cbb26da0412247dfe4fb5f4098edb73db84e02f9fc21fdca31fed4"
            ],
            "version": "==0.2.4"
        }
    }
}
